
Microsoft Visual Studio Solution File, Format Version 12.00
# Visual Studio 14
VisualStudioVersion = 14.0.25420.1
MinimumVisualStudioVersion = 10.0.40219.1
Project("{8BC9CEB8-8B4A-11D0-8D11-00A0C91BC942}") = "clientlib", "clientlib.vcxproj", "{08447B51-974D-4EA3-81BD-4446CCE84283}"
EndProject
Project("{8BC9CEB8-8B4A-11D0-8D11-00A0C91BC942}") = "serverlib", "serverlib.vcxproj", "{5F1EA0C4-A3B3-4200-B8D4-5E0B44BDFF30}"
EndProject
Project("{8BC9CEB8-8B4A-11D0-8D11-00A0C91BC942}") = "commonlib", "commonlib.vcxproj", "{0D04ABE5-27A4-473D-B337-21207B5D7A2D}"
EndProject
Project("{8BC9CEB8-8B4A-11D0-8D11-00A0C91BC942}") = "stublib", "stublib.vcxproj", "{9514FD6C-D172-4A8C-82AE-C7D970FA10F7}"
EndProject
Project("{8BC9CEB8-8B4A-11D0-8D11-00A0C91BC942}") = "stubgen", "stubexe.vcxproj", "{EC98838B-DAC1-4DC7-94C2-46C0A15122AC}"
EndProject
Project("{8BC9CEB8-8B4A-11D0-8D11-00A0C91BC942}") = "tcpsocketclient", "tcpsocketclient.vcxproj", "{F05DD26A-5623-4680-A179-EB82E0B0D3FB}"
EndProject
Project("{8BC9CEB8-8B4A-11D0-8D11-00A0C91BC942}") = "tcpsocketserver", "tcpsocketserver.vcxproj", "{1DD7D5B6-44ED-48DD-8588-51E1371AA7EE}"
EndProject
Project("{2150E333-8FDC-42A3-9474-1A3956D46DE8}") = "tests", "tests", "{68FCEC63-4E64-4DB4-907C-1DA69C537092}"
EndProject
Project("{2150E333-8FDC-42A3-9474-1A3956D46DE8}") = "examples", "examples", "{AA87FEF0-3326-4C9D-925A-DBCEB0C216BC}"
EndProject
Project("{8BC9CEB8-8B4A-11D0-8D11-00A0C91BC942}") = "simpleclient", "simpleclient.vcxproj", "{0B6B9343-5B30-4CFC-9157-4CE307FBEA9C}"
EndProject
Project("{8BC9CEB8-8B4A-11D0-8D11-00A0C91BC942}") = "stubclient", "stubclient.vcxproj", "{2B4FAC41-5C71-4D2F-BD39-AC59F9DEA64D}"
EndProject
Project("{8BC9CEB8-8B4A-11D0-8D11-00A0C91BC942}") = "unittest_suite", "unittest_suite.vcxproj", "{6391409A-F8A6-4BB2-9289-D13D513DDA88}"
EndProject
Project("{8BC9CEB8-8B4A-11D0-8D11-00A0C91BC942}") = "xbmcremote", "xbmcremote.vcxproj", "{5C12D92A-C1F9-437E-81F1-2B73FD56AD30}"
EndProject
Project("{8BC9CEB8-8B4A-11D0-8D11-00A0C91BC942}") = "clientdll", "clientdll.vcxproj", "{1C99DE06-5660-4438-B962-10A8F90C9C84}"
EndProject
Project("{8BC9CEB8-8B4A-11D0-8D11-00A0C91BC942}") = "serverdll", "serverdll.vcxproj", "{C14D4524-0614-4214-BB57-B1D687C9560E}"
EndProject
Project("{8BC9CEB8-8B4A-11D0-8D11-00A0C91BC942}") = "commondll", "commondll.vcxproj", "{CD522BD3-0C9E-4E74-9FB3-B4CA73AD19C0}"
EndProject
Project("{8BC9CEB8-8B4A-11D0-8D11-00A0C91BC942}") = "stubdll", "stubdll.vcxproj", "{2C4A9C39-FA6A-41B5-A68F-7C755E42E80F}"
EndProject
Project("{8BC9CEB8-8B4A-11D0-8D11-00A0C91BC942}") = "simpleserver", "simpleserver.vcxproj", "{8E8DE7EC-2353-4CD7-9926-3A45DD65D28B}"
EndProject
Project("{8BC9CEB8-8B4A-11D0-8D11-00A0C91BC942}") = "stubserver", "stubserver.vcxproj", "{976E92C8-3147-434D-8088-EDF2875291DA}"
EndProject
Global
	GlobalSection(SolutionConfigurationPlatforms) = preSolution
		Debug|x64 = Debug|x64
		Debug|x86 = Debug|x86
		Release|x64 = Release|x64
		Release|x86 = Release|x86
	EndGlobalSection
	GlobalSection(ProjectConfigurationPlatforms) = postSolution
		{08447B51-974D-4EA3-81BD-4446CCE84283}.Debug|x64.ActiveCfg = Debug|x64
		{08447B51-974D-4EA3-81BD-4446CCE84283}.Debug|x64.Build.0 = Debug|x64
		{08447B51-974D-4EA3-81BD-4446CCE84283}.Debug|x86.ActiveCfg = Debug|Win32
		{08447B51-974D-4EA3-81BD-4446CCE84283}.Debug|x86.Build.0 = Debug|Win32
		{08447B51-974D-4EA3-81BD-4446CCE84283}.Release|x64.ActiveCfg = Release|x64
		{08447B51-974D-4EA3-81BD-4446CCE84283}.Release|x64.Build.0 = Release|x64
		{08447B51-974D-4EA3-81BD-4446CCE84283}.Release|x86.ActiveCfg = Release|Win32
		{08447B51-974D-4EA3-81BD-4446CCE84283}.Release|x86.Build.0 = Release|Win32
		{5F1EA0C4-A3B3-4200-B8D4-5E0B44BDFF30}.Debug|x64.ActiveCfg = Debug|x64
		{5F1EA0C4-A3B3-4200-B8D4-5E0B44BDFF30}.Debug|x64.Build.0 = Debug|x64
		{5F1EA0C4-A3B3-4200-B8D4-5E0B44BDFF30}.Debug|x86.ActiveCfg = Debug|Win32
		{5F1EA0C4-A3B3-4200-B8D4-5E0B44BDFF30}.Debug|x86.Build.0 = Debug|Win32
		{5F1EA0C4-A3B3-4200-B8D4-5E0B44BDFF30}.Release|x64.ActiveCfg = Release|x64
		{5F1EA0C4-A3B3-4200-B8D4-5E0B44BDFF30}.Release|x64.Build.0 = Release|x64
		{5F1EA0C4-A3B3-4200-B8D4-5E0B44BDFF30}.Release|x86.ActiveCfg = Release|Win32
		{5F1EA0C4-A3B3-4200-B8D4-5E0B44BDFF30}.Release|x86.Build.0 = Release|Win32
		{0D04ABE5-27A4-473D-B337-21207B5D7A2D}.Debug|x64.ActiveCfg = Debug|x64
		{0D04ABE5-27A4-473D-B337-21207B5D7A2D}.Debug|x64.Build.0 = Debug|x64
		{0D04ABE5-27A4-473D-B337-21207B5D7A2D}.Debug|x86.ActiveCfg = Debug|Win32
		{0D04ABE5-27A4-473D-B337-21207B5D7A2D}.Debug|x86.Build.0 = Debug|Win32
		{0D04ABE5-27A4-473D-B337-21207B5D7A2D}.Release|x64.ActiveCfg = Release|x64
		{0D04ABE5-27A4-473D-B337-21207B5D7A2D}.Release|x64.Build.0 = Release|x64
		{0D04ABE5-27A4-473D-B337-21207B5D7A2D}.Release|x86.ActiveCfg = Release|Win32
		{0D04ABE5-27A4-473D-B337-21207B5D7A2D}.Release|x86.Build.0 = Release|Win32
		{9514FD6C-D172-4A8C-82AE-C7D970FA10F7}.Debug|x64.ActiveCfg = Debug|x64
		{9514FD6C-D172-4A8C-82AE-C7D970FA10F7}.Debug|x64.Build.0 = Debug|x64
		{9514FD6C-D172-4A8C-82AE-C7D970FA10F7}.Debug|x86.ActiveCfg = Debug|Win32
		{9514FD6C-D172-4A8C-82AE-C7D970FA10F7}.Debug|x86.Build.0 = Debug|Win32
		{9514FD6C-D172-4A8C-82AE-C7D970FA10F7}.Release|x64.ActiveCfg = Release|x64
		{9514FD6C-D172-4A8C-82AE-C7D970FA10F7}.Release|x64.Build.0 = Release|x64
		{9514FD6C-D172-4A8C-82AE-C7D970FA10F7}.Release|x86.ActiveCfg = Release|Win32
		{9514FD6C-D172-4A8C-82AE-C7D970FA10F7}.Release|x86.Build.0 = Release|Win32
		{EC98838B-DAC1-4DC7-94C2-46C0A15122AC}.Debug|x64.ActiveCfg = Debug|x64
		{EC98838B-DAC1-4DC7-94C2-46C0A15122AC}.Debug|x64.Build.0 = Debug|x64
		{EC98838B-DAC1-4DC7-94C2-46C0A15122AC}.Debug|x86.ActiveCfg = Debug|Win32
		{EC98838B-DAC1-4DC7-94C2-46C0A15122AC}.Debug|x86.Build.0 = Debug|Win32
		{EC98838B-DAC1-4DC7-94C2-46C0A15122AC}.Release|x64.ActiveCfg = Release|x64
		{EC98838B-DAC1-4DC7-94C2-46C0A15122AC}.Release|x64.Build.0 = Release|x64
		{EC98838B-DAC1-4DC7-94C2-46C0A15122AC}.Release|x86.ActiveCfg = Release|Win32
		{EC98838B-DAC1-4DC7-94C2-46C0A15122AC}.Release|x86.Build.0 = Release|Win32
		{F05DD26A-5623-4680-A179-EB82E0B0D3FB}.Debug|x64.ActiveCfg = Debug|x64
		{F05DD26A-5623-4680-A179-EB82E0B0D3FB}.Debug|x64.Build.0 = Debug|x64
		{F05DD26A-5623-4680-A179-EB82E0B0D3FB}.Debug|x86.ActiveCfg = Debug|Win32
		{F05DD26A-5623-4680-A179-EB82E0B0D3FB}.Debug|x86.Build.0 = Debug|Win32
		{F05DD26A-5623-4680-A179-EB82E0B0D3FB}.Release|x64.ActiveCfg = Release|x64
		{F05DD26A-5623-4680-A179-EB82E0B0D3FB}.Release|x64.Build.0 = Release|x64
		{F05DD26A-5623-4680-A179-EB82E0B0D3FB}.Release|x86.ActiveCfg = Release|Win32
		{F05DD26A-5623-4680-A179-EB82E0B0D3FB}.Release|x86.Build.0 = Release|Win32
		{1DD7D5B6-44ED-48DD-8588-51E1371AA7EE}.Debug|x64.ActiveCfg = Debug|x64
		{1DD7D5B6-44ED-48DD-8588-51E1371AA7EE}.Debug|x64.Build.0 = Debug|x64
		{1DD7D5B6-44ED-48DD-8588-51E1371AA7EE}.Debug|x86.ActiveCfg = Debug|Win32
		{1DD7D5B6-44ED-48DD-8588-51E1371AA7EE}.Debug|x86.Build.0 = Debug|Win32
		{1DD7D5B6-44ED-48DD-8588-51E1371AA7EE}.Release|x64.ActiveCfg = Release|x64
		{1DD7D5B6-44ED-48DD-8588-51E1371AA7EE}.Release|x64.Build.0 = Release|x64
		{1DD7D5B6-44ED-48DD-8588-51E1371AA7EE}.Release|x86.ActiveCfg = Release|Win32
		{1DD7D5B6-44ED-48DD-8588-51E1371AA7EE}.Release|x86.Build.0 = Release|Win32
		{0B6B9343-5B30-4CFC-9157-4CE307FBEA9C}.Debug|x64.ActiveCfg = Debug|x64
		{0B6B9343-5B30-4CFC-9157-4CE307FBEA9C}.Debug|x64.Build.0 = Debug|x64
		{0B6B9343-5B30-4CFC-9157-4CE307FBEA9C}.Debug|x86.ActiveCfg = Debug|Win32
		{0B6B9343-5B30-4CFC-9157-4CE307FBEA9C}.Debug|x86.Build.0 = Debug|Win32
		{0B6B9343-5B30-4CFC-9157-4CE307FBEA9C}.Release|x64.ActiveCfg = Release|x64
		{0B6B9343-5B30-4CFC-9157-4CE307FBEA9C}.Release|x64.Build.0 = Release|x64
		{0B6B9343-5B30-4CFC-9157-4CE307FBEA9C}.Release|x86.ActiveCfg = Release|Win32
		{0B6B9343-5B30-4CFC-9157-4CE307FBEA9C}.Release|x86.Build.0 = Release|Win32
		{2B4FAC41-5C71-4D2F-BD39-AC59F9DEA64D}.Debug|x64.ActiveCfg = Debug|x64
		{2B4FAC41-5C71-4D2F-BD39-AC59F9DEA64D}.Debug|x64.Build.0 = Debug|x64
		{2B4FAC41-5C71-4D2F-BD39-AC59F9DEA64D}.Debug|x86.ActiveCfg = Debug|Win32
		{2B4FAC41-5C71-4D2F-BD39-AC59F9DEA64D}.Debug|x86.Build.0 = Debug|Win32
		{2B4FAC41-5C71-4D2F-BD39-AC59F9DEA64D}.Release|x64.ActiveCfg = Release|x64
		{2B4FAC41-5C71-4D2F-BD39-AC59F9DEA64D}.Release|x64.Build.0 = Release|x64
		{2B4FAC41-5C71-4D2F-BD39-AC59F9DEA64D}.Release|x86.ActiveCfg = Release|Win32
		{2B4FAC41-5C71-4D2F-BD39-AC59F9DEA64D}.Release|x86.Build.0 = Release|Win32
		{6391409A-F8A6-4BB2-9289-D13D513DDA88}.Debug|x64.ActiveCfg = Debug|x64
		{6391409A-F8A6-4BB2-9289-D13D513DDA88}.Debug|x64.Build.0 = Debug|x64
		{6391409A-F8A6-4BB2-9289-D13D513DDA88}.Debug|x86.ActiveCfg = Debug|Win32
		{6391409A-F8A6-4BB2-9289-D13D513DDA88}.Debug|x86.Build.0 = Debug|Win32
		{6391409A-F8A6-4BB2-9289-D13D513DDA88}.Release|x64.ActiveCfg = Release|x64
		{6391409A-F8A6-4BB2-9289-D13D513DDA88}.Release|x64.Build.0 = Release|x64
		{6391409A-F8A6-4BB2-9289-D13D513DDA88}.Release|x86.ActiveCfg = Release|Win32
		{6391409A-F8A6-4BB2-9289-D13D513DDA88}.Release|x86.Build.0 = Release|Win32
		{5C12D92A-C1F9-437E-81F1-2B73FD56AD30}.Debug|x64.ActiveCfg = Debug|x64
		{5C12D92A-C1F9-437E-81F1-2B73FD56AD30}.Debug|x64.Build.0 = Debug|x64
		{5C12D92A-C1F9-437E-81F1-2B73FD56AD30}.Debug|x86.ActiveCfg = Debug|Win32
		{5C12D92A-C1F9-437E-81F1-2B73FD56AD30}.Debug|x86.Build.0 = Debug|Win32
		{5C12D92A-C1F9-437E-81F1-2B73FD56AD30}.Release|x64.ActiveCfg = Release|x64
		{5C12D92A-C1F9-437E-81F1-2B73FD56AD30}.Release|x64.Build.0 = Release|x64
		{5C12D92A-C1F9-437E-81F1-2B73FD56AD30}.Release|x86.ActiveCfg = Release|Win32
		{5C12D92A-C1F9-437E-81F1-2B73FD56AD30}.Release|x86.Build.0 = Release|Win32
		{1C99DE06-5660-4438-B962-10A8F90C9C84}.Debug|x64.ActiveCfg = Debug|x64
		{1C99DE06-5660-4438-B962-10A8F90C9C84}.Debug|x64.Build.0 = Debug|x64
		{1C99DE06-5660-4438-B962-10A8F90C9C84}.Debug|x86.ActiveCfg = Debug|Win32
		{1C99DE06-5660-4438-B962-10A8F90C9C84}.Debug|x86.Build.0 = Debug|Win32
		{1C99DE06-5660-4438-B962-10A8F90C9C84}.Release|x64.ActiveCfg = Release|x64
		{1C99DE06-5660-4438-B962-10A8F90C9C84}.Release|x64.Build.0 = Release|x64
		{1C99DE06-5660-4438-B962-10A8F90C9C84}.Release|x86.ActiveCfg = Release|Win32
		{1C99DE06-5660-4438-B962-10A8F90C9C84}.Release|x86.Build.0 = Release|Win32
		{C14D4524-0614-4214-BB57-B1D687C9560E}.Debug|x64.ActiveCfg = Debug|x64
		{C14D4524-0614-4214-BB57-B1D687C9560E}.Debug|x64.Build.0 = Debug|x64
		{C14D4524-0614-4214-BB57-B1D687C9560E}.Debug|x86.ActiveCfg = Debug|Win32
		{C14D4524-0614-4214-BB57-B1D687C9560E}.Debug|x86.Build.0 = Debug|Win32
		{C14D4524-0614-4214-BB57-B1D687C9560E}.Release|x64.ActiveCfg = Release|x64
		{C14D4524-0614-4214-BB57-B1D687C9560E}.Release|x64.Build.0 = Release|x64
		{C14D4524-0614-4214-BB57-B1D687C9560E}.Release|x86.ActiveCfg = Release|Win32
		{C14D4524-0614-4214-BB57-B1D687C9560E}.Release|x86.Build.0 = Release|Win32
		{CD522BD3-0C9E-4E74-9FB3-B4CA73AD19C0}.Debug|x64.ActiveCfg = Debug|x64
		{CD522BD3-0C9E-4E74-9FB3-B4CA73AD19C0}.Debug|x64.Build.0 = Debug|x64
		{CD522BD3-0C9E-4E74-9FB3-B4CA73AD19C0}.Debug|x86.ActiveCfg = Debug|Win32
		{CD522BD3-0C9E-4E74-9FB3-B4CA73AD19C0}.Debug|x86.Build.0 = Debug|Win32
		{CD522BD3-0C9E-4E74-9FB3-B4CA73AD19C0}.Release|x64.ActiveCfg = Release|x64
		{CD522BD3-0C9E-4E74-9FB3-B4CA73AD19C0}.Release|x64.Build.0 = Release|x64
		{CD522BD3-0C9E-4E74-9FB3-B4CA73AD19C0}.Release|x86.ActiveCfg = Release|Win32
		{CD522BD3-0C9E-4E74-9FB3-B4CA73AD19C0}.Release|x86.Build.0 = Release|Win32
		{2C4A9C39-FA6A-41B5-A68F-7C755E42E80F}.Debug|x64.ActiveCfg = Debug|x64
		{2C4A9C39-FA6A-41B5-A68F-7C755E42E80F}.Debug|x64.Build.0 = Debug|x64
		{2C4A9C39-FA6A-41B5-A68F-7C755E42E80F}.Debug|x86.ActiveCfg = Debug|Win32
		{2C4A9C39-FA6A-41B5-A68F-7C755E42E80F}.Debug|x86.Build.0 = Debug|Win32
		{2C4A9C39-FA6A-41B5-A68F-7C755E42E80F}.Release|x64.ActiveCfg = Release|x64
		{2C4A9C39-FA6A-41B5-A68F-7C755E42E80F}.Release|x64.Build.0 = Release|x64
		{2C4A9C39-FA6A-41B5-A68F-7C755E42E80F}.Release|x86.ActiveCfg = Release|Win32
		{2C4A9C39-FA6A-41B5-A68F-7C755E42E80F}.Release|x86.Build.0 = Release|Win32
		{8E8DE7EC-2353-4CD7-9926-3A45DD65D28B}.Debug|x64.ActiveCfg = Debug|x64
		{8E8DE7EC-2353-4CD7-9926-3A45DD65D28B}.Debug|x64.Build.0 = Debug|x64
		{8E8DE7EC-2353-4CD7-9926-3A45DD65D28B}.Debug|x86.ActiveCfg = Debug|Win32
		{8E8DE7EC-2353-4CD7-9926-3A45DD65D28B}.Debug|x86.Build.0 = Debug|Win32
		{8E8DE7EC-2353-4CD7-9926-3A45DD65D28B}.Release|x64.ActiveCfg = Release|x64
		{8E8DE7EC-2353-4CD7-9926-3A45DD65D28B}.Release|x64.Build.0 = Release|x64
		{8E8DE7EC-2353-4CD7-9926-3A45DD65D28B}.Release|x86.ActiveCfg = Release|Win32
		{8E8DE7EC-2353-4CD7-9926-3A45DD65D28B}.Release|x86.Build.0 = Release|Win32
		{976E92C8-3147-434D-8088-EDF2875291DA}.Debug|x64.ActiveCfg = Debug|x64
		{976E92C8-3147-434D-8088-EDF2875291DA}.Debug|x64.Build.0 = Debug|x64
		{976E92C8-3147-434D-8088-EDF2875291DA}.Debug|x86.ActiveCfg = Debug|Win32
		{976E92C8-3147-434D-8088-EDF2875291DA}.Debug|x86.Build.0 = Debug|Win32
		{976E92C8-3147-434D-8088-EDF2875291DA}.Release|x64.ActiveCfg = Release|x64
		{976E92C8-3147-434D-8088-EDF2875291DA}.Release|x64.Build.0 = Release|x64
		{976E92C8-3147-434D-8088-EDF2875291DA}.Release|x86.ActiveCfg = Release|Win32
		{976E92C8-3147-434D-8088-EDF2875291DA}.Release|x86.Build.0 = Release|Win32
	EndGlobalSection
	GlobalSection(SolutionProperties) = preSolution
		HideSolutionNode = FALSE
	EndGlobalSection
	GlobalSection(NestedProjects) = preSolution
		{F05DD26A-5623-4680-A179-EB82E0B0D3FB} = {AA87FEF0-3326-4C9D-925A-DBCEB0C216BC}
		{1DD7D5B6-44ED-48DD-8588-51E1371AA7EE} = {AA87FEF0-3326-4C9D-925A-DBCEB0C216BC}
		{0B6B9343-5B30-4CFC-9157-4CE307FBEA9C} = {AA87FEF0-3326-4C9D-925A-DBCEB0C216BC}
		{2B4FAC41-5C71-4D2F-BD39-AC59F9DEA64D} = {AA87FEF0-3326-4C9D-925A-DBCEB0C216BC}
		{6391409A-F8A6-4BB2-9289-D13D513DDA88} = {68FCEC63-4E64-4DB4-907C-1DA69C537092}
		{5C12D92A-C1F9-437E-81F1-2B73FD56AD30} = {AA87FEF0-3326-4C9D-925A-DBCEB0C216BC}
		{8E8DE7EC-2353-4CD7-9926-3A45DD65D28B} = {AA87FEF0-3326-4C9D-925A-DBCEB0C216BC}
		{976E92C8-3147-434D-8088-EDF2875291DA} = {AA87FEF0-3326-4C9D-925A-DBCEB0C216BC}
	EndGlobalSection
EndGlobal
