<?xml version="1.0" encoding="utf-8"?>
<Project ToolsVersion="4.0" xmlns="http://schemas.microsoft.com/developer/msbuild/2003">
  <ItemGroup>
    <ClCompile Include="..\..\src\jsonrpccpp\server\abstractprotocolhandler.cpp" />
    <ClCompile Include="..\..\src\jsonrpccpp\server\abstractserverconnector.cpp" />
    <ClCompile Include="..\..\src\jsonrpccpp\server\abstractthreadedserver.cpp" />
    <ClCompile Include="..\..\src\jsonrpccpp\server\requesthandlerfactory.cpp" />
    <ClCompile Include="..\..\src\jsonrpccpp\server\rpcprotocolserver12.cpp" />
    <ClCompile Include="..\..\src\jsonrpccpp\server\rpcprotocolserverv1.cpp" />
    <ClCompile Include="..\..\src\jsonrpccpp\server\rpcprotocolserverv2.cpp" />
    <ClCompile Include="..\..\src\jsonrpccpp\server\connectors\httpserver.cpp">
      <Filter>connectors</Filter>
    </ClCompile>
    <ClCompile Include="..\..\src\jsonrpccpp\server\connectors\windowstcpsocketserver.cpp">
      <Filter>connectors</Filter>
    </ClCompile>
    <ClCompile Include="..\..\src\jsonrpccpp\server\connectors\tcpsocketserver.cpp">
      <Filter>connectors</Filter>
    </ClCompile>
  </ItemGroup>
  <ItemGroup>
    <ClInclude Include="..\..\src\jsonrpccpp\server\abstractprotocolhandler.h" />
    <ClInclude Include="..\..\src\jsonrpccpp\server\abstractserver.h" />
    <ClInclude Include="..\..\src\jsonrpccpp\server\abstractserverconnector.h" />
    <ClInclude Include="..\..\src\jsonrpccpp\server\abstractthreadedserver.h" />
    <ClInclude Include="..\..\src\jsonrpccpp\server\iclientconnectionhandler.h" />
    <ClInclude Include="..\..\src\jsonrpccpp\server\iprocedureinvokationhandler.h" />
    <ClInclude Include="..\..\src\jsonrpccpp\server\requesthandlerfactory.h" />
    <ClInclude Include="..\..\src\jsonrpccpp\server\rpcprotocolserver12.h" />
    <ClInclude Include="..\..\src\jsonrpccpp\server\rpcprotocolserverv1.h" />
    <ClInclude Include="..\..\src\jsonrpccpp\server\rpcprotocolserverv2.h" />
    <ClInclude Include="..\..\src\jsonrpccpp\server\threadpool.h" />
    <ClInclude Include="..\..\src\jsonrpccpp\server\connectors\httpserver.h">
      <Filter>connectors</Filter>
    </ClInclude>
    <ClInclude Include="..\..\src\jsonrpccpp\server\connectors\windowstcpsocketserver.h">
      <Filter>connectors</Filter>
    </ClInclude>
    <ClInclude Include="..\..\src\jsonrpccpp\server\connectors\tcpsocketserver.h">
      <Filter>connectors</Filter>
    </ClInclude>
  </ItemGroup>
  <ItemGroup>
    <Filter Include="connectors">
      <UniqueIdentifier>{e11d9ce5-d64d-4960-bc2e-1d1bbd29c9f9}</UniqueIdentifier>
    </Filter>
  </ItemGroup>
</Project>